<?xml version="1.0" encoding="utf-8"?>
<Project ToolsVersion="4.0" xmlns="http://schemas.microsoft.com/developer/msbuild/2003">
  <ItemGroup>
    <Filter Include="Source Files"><UniqueIdentifier>{4FC737F1-C7A5-4376-A066-2A32D752A2FF}</UniqueIdentifier></Filter>
    <Filter Include="Header Files"><UniqueIdentifier>{93995380-89BD-4B04-88EB-625FBE52EBFB}</UniqueIdentifier></Filter>
    <Filter Include="Menu"><UniqueIdentifier>{08AFDDD9-5197-42EF-8B35-490382AAF03F}</UniqueIdentifier></Filter>
    <Filter Include="Scripting"><UniqueIdentifier>{B3731F2F-460C-41FD-9AE7-18A22773D8D5}</UniqueIdentifier></Filter>
    <Filter Include="Utilities"><UniqueIdentifier>{8FE30559-0D52-4DF6-89C0-9F65BF82DA5D}</UniqueIdentifier></Filter>
    <Filter Include="Dependencies"><UniqueIdentifier>{66826D00-B13E-40F8-A89C-D9600478A5B1}</UniqueIdentifier></Filter>
    <Filter Include="Modules"><UniqueIdentifier>{73314809-8F8F-49A6-94D3-7924235CAE0D}</UniqueIdentifier></Filter>
  </ItemGroup>
  <ItemGroup>
    <ClCompile Include="Source.cpp"><Filter>Source Files</Filter></ClCompile>
    <ClCompile Include="AimAssist.cpp"><Filter>Modules</Filter></ClCompile>
    <ClCompile Include="Config.cpp"><Filter>Source Files</Filter></ClCompile>
    <ClCompile Include="ESP.cpp"><Filter>Modules</Filter></ClCompile>
    <ClCompile Include="HUD.cpp"><Filter>Modules</Filter></ClCompile>
    <ClCompile Include="Marker.cpp"><Filter>Modules</Filter></ClCompile>
    <ClCompile Include="ModuleManager.cpp"><Filter>Modules</Filter></ClCompile>
    <ClCompile Include="RCS.cpp"><Filter>Modules</Filter></ClCompile>
    <ClCompile Include="Set.cpp"><Filter>Source Files</Filter></ClCompile>
    <ClCompile Include="SetManager.cpp"><Filter>Source Files</Filter></ClCompile>
    <ClCompile Include="menu\BackgroundManager.cpp"><Filter>Menu</Filter></ClCompile>
    <ClCompile Include="menu\Console.cpp"><Filter>Menu</Filter></ClCompile>
    <ClCompile Include="menu\ImageLoader.cpp"><Filter>Menu</Filter></ClCompile>
    <ClCompile Include="menu\Menu.cpp"><Filter>Menu</Filter></ClCompile>
    <ClCompile Include="menu\ThemeManager.cpp"><Filter>Menu</Filter></ClCompile>
    <ClCompile Include="menu\Themes.cpp"><Filter>Menu</Filter></ClCompile>
    <ClCompile Include="menu\imgui_custom.cpp"><Filter>Menu</Filter></ClCompile>
    <ClCompile Include="menu\imgui_helper.cpp"><Filter>Menu</Filter></ClCompile>
    <ClCompile Include="scripting\LuaManager.cpp"><Filter>Scripting</Filter></ClCompile>
    <ClCompile Include="util\ColorH.cpp"><Filter>Utilities</Filter></ClCompile>
    <ClCompile Include="util\FileH.cpp"><Filter>Utilities</Filter></ClCompile>
    <ClCompile Include="util\MH.cpp"><Filter>Utilities</Filter></ClCompile>
    <ClCompile Include="util\StringH.cpp"><Filter>Utilities</Filter></ClCompile>
    <ClCompile Include="util\TimeH.cpp"><Filter>Utilities</Filter></ClCompile>
    <ClCompile Include="dependencies\imgui-sfml-src\imgui-SFML.cpp"><Filter>Dependencies</Filter></ClCompile>
    <ClCompile Include="dependencies\imgui\imgui.cpp"><Filter>Dependencies</Filter></ClCompile>
    <ClCompile Include="dependencies\imgui\imgui_demo.cpp"><Filter>Dependencies</Filter></ClCompile>
    <ClCompile Include="dependencies\imgui\imgui_draw.cpp"><Filter>Dependencies</Filter></ClCompile>
    <ClCompile Include="dependencies\imgui\imgui_tables.cpp"><Filter>Dependencies</Filter></ClCompile>
    <ClCompile Include="dependencies\imgui\imgui_widgets.cpp"><Filter>Dependencies</Filter></ClCompile>
  </ItemGroup>
  <ItemGroup>
    <ClInclude Include="AimAssist.hpp"><Filter>Modules</Filter></ClInclude>
    <ClInclude Include="Config.hpp"><Filter>Header Files</Filter></ClInclude>
    <ClInclude Include="ESP.hpp"><Filter>Modules</Filter></ClInclude>
    <ClInclude Include="HUD.hpp"><Filter>Modules</Filter></ClInclude>
    <ClInclude Include="Marker.hpp"><Filter>Modules</Filter></ClInclude>
    <ClInclude Include="Module.hpp"><Filter>Modules</Filter></ClInclude>
    <ClInclude Include="ModuleManager.hpp"><Filter>Modules</Filter></ClInclude>
    <ClInclude Include="RCS.hpp"><Filter>Modules</Filter></ClInclude>
    <ClInclude Include="Set.hpp"><Filter>Header Files</Filter></ClInclude>
    <ClInclude Include="SetManager.hpp"><Filter>Header Files</Filter></ClInclude>
    <ClInclude Include="menu\BackgroundManager.hpp"><Filter>Menu</Filter></ClInclude>
    <ClInclude Include="menu\Console.hpp"><Filter>Menu</Filter></ClInclude>
    <ClInclude Include="menu\Fonts.hpp"><Filter>Menu</Filter></ClInclude>
    <ClInclude Include="menu\ImageLoader.hpp"><Filter>Menu</Filter></ClInclude>
    <ClInclude Include="menu\Menu.hpp"><Filter>Menu</Filter></ClInclude>
    <ClInclude Include="menu\ThemeManager.hpp"><Filter>Menu</Filter></ClInclude>
    <ClInclude Include="menu\Themes.hpp"><Filter>Menu</Filter></ClInclude>
    <ClInclude Include="menu\imgui_custom.hpp"><Filter>Menu</Filter></ClInclude>
    <ClInclude Include="menu\imgui_helper.hpp"><Filter>Menu</Filter></ClInclude>
    <ClInclude Include="menu\imgui_notify.h"><Filter>Menu</Filter></ClInclude>
    <ClInclude Include="scripting\LuaManager.hpp"><Filter>Scripting</Filter></ClInclude>
    <ClInclude Include="util\ColorH.hpp"><Filter>Utilities</Filter></ClInclude>
    <ClInclude Include="util\FileH.hpp"><Filter>Utilities</Filter></ClInclude>
    <ClInclude Include="util\MH.hpp"><Filter>Utilities</Filter></ClInclude>
    <ClInclude Include="util\Obf.hpp"><Filter>Utilities</Filter></ClInclude>
    <ClInclude Include="util\Singleton.hpp"><Filter>Utilities</Filter></ClInclude>
    <ClInclude Include="util\StringH.hpp"><Filter>Utilities</Filter></ClInclude>
    <ClInclude Include="util\TimeH.hpp"><Filter>Utilities</Filter></ClInclude>
    <ClInclude Include="util\Vec2H.hpp"><Filter>Utilities</Filter></ClInclude>
    <ClInclude Include="dependencies\imgui-sfml-src\imconfig-SFML.h"><Filter>Dependencies</Filter></ClInclude>
    <ClInclude Include="dependencies\imgui-sfml-src\imgui-SFML.h"><Filter>Dependencies</Filter></ClInclude>
    <ClInclude Include="dependencies\imgui-sfml-src\imgui-SFML_export.h"><Filter>Dependencies</Filter></ClInclude>
    <ClInclude Include="dependencies\imgui\imconfig.h"><Filter>Dependencies</Filter></ClInclude>
    <ClInclude Include="dependencies\imgui\imgui.h"><Filter>Dependencies</Filter></ClInclude>
    <ClInclude Include="dependencies\imgui\imgui_internal.h"><Filter>Dependencies</Filter></ClInclude>
    <ClInclude Include="dependencies\imgui\imstb_rectpack.h"><Filter>Dependencies</Filter></ClInclude>
    <ClInclude Include="dependencies\imgui\imstb_textedit.h"><Filter>Dependencies</Filter></ClInclude>
    <ClInclude Include="dependencies\imgui\imstb_truetype.h"><Filter>Dependencies</Filter></ClInclude>
  </ItemGroup>
</Project>
